
Microsoft Visual Studio Solution File, Format Version 12.00
# Visual Studio Version 17
VisualStudioVersion = 17.2.32519.379
MinimumVisualStudioVersion = 10.0.40219.1
Project("{9A19103F-16F7-4668-BE54-9A1E7A4F7556}") = "SmartWallet.Web", "SmartWallet.Web\SmartWallet.Web.csproj", "{9660A4CD-3D3B-42F6-8BA7-8BD89DBCFA23}"
EndProject
Project("{2150E333-8FDC-42A3-9474-1A3956D46DE8}") = "Project items", "Project items", "{85AE4D4F-B659-48B4-AD70-CB68C7AE74C8}"
	ProjectSection(SolutionItems) = preProject
		Project Requirement.txt = Project Requirement.txt
	EndProjectSection
EndProject
Project("{FAE04EC0-301F-11D3-BF4B-00C04F79EFBC}") = "SmartWallet.Console", "SmartWallet.Console\SmartWallet.Console.csproj", "{916F629B-99AF-46D7-97AB-9F0DA7A936AC}"
EndProject
Global
	GlobalSection(SolutionConfigurationPlatforms) = preSolution
		Debug|Any CPU = Debug|Any CPU
		Release|Any CPU = Release|Any CPU
	EndGlobalSection
	GlobalSection(ProjectConfigurationPlatforms) = postSolution
		{9660A4CD-3D3B-42F6-8BA7-8BD89DBCFA23}.Debug|Any CPU.ActiveCfg = Debug|Any CPU
		{9660A4CD-3D3B-42F6-8BA7-8BD89DBCFA23}.Debug|Any CPU.Build.0 = Debug|Any CPU
		{9660A4CD-3D3B-42F6-8BA7-8BD89DBCFA23}.Release|Any CPU.ActiveCfg = Release|Any CPU
		{9660A4CD-3D3B-42F6-8BA7-8BD89DBCFA23}.Release|Any CPU.Build.0 = Release|Any CPU
		{916F629B-99AF-46D7-97AB-9F0DA7A936AC}.Debug|Any CPU.ActiveCfg = Debug|Any CPU
		{916F629B-99AF-46D7-97AB-9F0DA7A936AC}.Debug|Any CPU.Build.0 = Debug|Any CPU
		{916F629B-99AF-46D7-97AB-9F0DA7A936AC}.Release|Any CPU.ActiveCfg = Release|Any CPU
		{916F629B-99AF-46D7-97AB-9F0DA7A936AC}.Release|Any CPU.Build.0 = Release|Any CPU
	EndGlobalSection
	GlobalSection(SolutionProperties) = preSolution
		HideSolutionNode = FALSE
	EndGlobalSection
	GlobalSection(ExtensibilityGlobals) = postSolution
		SolutionGuid = {9070AC8E-CF4E-4D77-8D81-F5D26657F984}
	EndGlobalSection
EndGlobal
